
Microsoft Visual Studio Solution File, Format Version 12.00
# Visual Studio 2013
VisualStudioVersion = 12.0.21005.1
MinimumVisualStudioVersion = 10.0.40219.1
Project("{FAE04EC0-301F-11D3-BF4B-00C04F79EFBC}") = "SeattleTimes", "SeattleTimes\SeattleTimes.csproj", "{A7F67EC5-BF92-455A-BDCA-7A33DC2FA692}"
EndProject
Project("{FAE04EC0-301F-11D3-BF4B-00C04F79EFBC}") = "AndroidClient", "AndroidClient\AndroidClient.csproj", "{A1CD351C-DA69-41AD-804F-7114E8DC6E93}"
EndProject
Project("{FAE04EC0-301F-11D3-BF4B-00C04F79EFBC}") = "iPhoneClient", "iPhoneClient\iPhoneClient.csproj", "{579FA12B-A7D5-48A2-9E00-2FC72BD29A86}"
EndProject
Global
	GlobalSection(SolutionConfigurationPlatforms) = preSolution
		Ad-Hoc|Any CPU = Ad-Hoc|Any CPU
		Ad-Hoc|iPhone = Ad-Hoc|iPhone
		Ad-Hoc|iPhoneSimulator = Ad-Hoc|iPhoneSimulator
		Ad-Hoc|Mixed Platforms = Ad-Hoc|Mixed Platforms
		AppStore|Any CPU = AppStore|Any CPU
		AppStore|iPhone = AppStore|iPhone
		AppStore|iPhoneSimulator = AppStore|iPhoneSimulator
		AppStore|Mixed Platforms = AppStore|Mixed Platforms
		Debug|Any CPU = Debug|Any CPU
		Debug|iPhone = Debug|iPhone
		Debug|iPhoneSimulator = Debug|iPhoneSimulator
		Debug|Mixed Platforms = Debug|Mixed Platforms
		Release|Any CPU = Release|Any CPU
		Release|iPhone = Release|iPhone
		Release|iPhoneSimulator = Release|iPhoneSimulator
		Release|Mixed Platforms = Release|Mixed Platforms
	EndGlobalSection
	GlobalSection(ProjectConfigurationPlatforms) = postSolution
		{A7F67EC5-BF92-455A-BDCA-7A33DC2FA692}.Ad-Hoc|Any CPU.ActiveCfg = Release|Any CPU
		{A7F67EC5-BF92-455A-BDCA-7A33DC2FA692}.Ad-Hoc|Any CPU.Build.0 = Release|Any CPU
		{A7F67EC5-BF92-455A-BDCA-7A33DC2FA692}.Ad-Hoc|iPhone.ActiveCfg = Release|Any CPU
		{A7F67EC5-BF92-455A-BDCA-7A33DC2FA692}.Ad-Hoc|iPhoneSimulator.ActiveCfg = Release|Any CPU
		{A7F67EC5-BF92-455A-BDCA-7A33DC2FA692}.Ad-Hoc|Mixed Platforms.ActiveCfg = Release|Any CPU
		{A7F67EC5-BF92-455A-BDCA-7A33DC2FA692}.Ad-Hoc|Mixed Platforms.Build.0 = Release|Any CPU
		{A7F67EC5-BF92-455A-BDCA-7A33DC2FA692}.AppStore|Any CPU.ActiveCfg = Release|Any CPU
		{A7F67EC5-BF92-455A-BDCA-7A33DC2FA692}.AppStore|Any CPU.Build.0 = Release|Any CPU
		{A7F67EC5-BF92-455A-BDCA-7A33DC2FA692}.AppStore|iPhone.ActiveCfg = Release|Any CPU
		{A7F67EC5-BF92-455A-BDCA-7A33DC2FA692}.AppStore|iPhoneSimulator.ActiveCfg = Release|Any CPU
		{A7F67EC5-BF92-455A-BDCA-7A33DC2FA692}.AppStore|Mixed Platforms.ActiveCfg = Release|Any CPU
		{A7F67EC5-BF92-455A-BDCA-7A33DC2FA692}.AppStore|Mixed Platforms.Build.0 = Release|Any CPU
		{A7F67EC5-BF92-455A-BDCA-7A33DC2FA692}.Debug|Any CPU.ActiveCfg = Debug|Any CPU
		{A7F67EC5-BF92-455A-BDCA-7A33DC2FA692}.Debug|Any CPU.Build.0 = Debug|Any CPU
		{A7F67EC5-BF92-455A-BDCA-7A33DC2FA692}.Debug|iPhone.ActiveCfg = Debug|Any CPU
		{A7F67EC5-BF92-455A-BDCA-7A33DC2FA692}.Debug|iPhoneSimulator.ActiveCfg = Debug|Any CPU
		{A7F67EC5-BF92-455A-BDCA-7A33DC2FA692}.Debug|Mixed Platforms.ActiveCfg = Debug|Any CPU
		{A7F67EC5-BF92-455A-BDCA-7A33DC2FA692}.Debug|Mixed Platforms.Build.0 = Debug|Any CPU
		{A7F67EC5-BF92-455A-BDCA-7A33DC2FA692}.Release|Any CPU.ActiveCfg = Release|Any CPU
		{A7F67EC5-BF92-455A-BDCA-7A33DC2FA692}.Release|Any CPU.Build.0 = Release|Any CPU
		{A7F67EC5-BF92-455A-BDCA-7A33DC2FA692}.Release|iPhone.ActiveCfg = Release|Any CPU
		{A7F67EC5-BF92-455A-BDCA-7A33DC2FA692}.Release|iPhoneSimulator.ActiveCfg = Release|Any CPU
		{A7F67EC5-BF92-455A-BDCA-7A33DC2FA692}.Release|Mixed Platforms.ActiveCfg = Release|Any CPU
		{A7F67EC5-BF92-455A-BDCA-7A33DC2FA692}.Release|Mixed Platforms.Build.0 = Release|Any CPU
		{A1CD351C-DA69-41AD-804F-7114E8DC6E93}.Ad-Hoc|Any CPU.ActiveCfg = Release|Any CPU
		{A1CD351C-DA69-41AD-804F-7114E8DC6E93}.Ad-Hoc|Any CPU.Build.0 = Release|Any CPU
		{A1CD351C-DA69-41AD-804F-7114E8DC6E93}.Ad-Hoc|Any CPU.Deploy.0 = Release|Any CPU
		{A1CD351C-DA69-41AD-804F-7114E8DC6E93}.Ad-Hoc|iPhone.ActiveCfg = Release|Any CPU
		{A1CD351C-DA69-41AD-804F-7114E8DC6E93}.Ad-Hoc|iPhoneSimulator.ActiveCfg = Release|Any CPU
		{A1CD351C-DA69-41AD-804F-7114E8DC6E93}.Ad-Hoc|Mixed Platforms.ActiveCfg = Release|Any CPU
		{A1CD351C-DA69-41AD-804F-7114E8DC6E93}.Ad-Hoc|Mixed Platforms.Build.0 = Release|Any CPU
		{A1CD351C-DA69-41AD-804F-7114E8DC6E93}.Ad-Hoc|Mixed Platforms.Deploy.0 = Release|Any CPU
		{A1CD351C-DA69-41AD-804F-7114E8DC6E93}.AppStore|Any CPU.ActiveCfg = Release|Any CPU
		{A1CD351C-DA69-41AD-804F-7114E8DC6E93}.AppStore|Any CPU.Build.0 = Release|Any CPU
		{A1CD351C-DA69-41AD-804F-7114E8DC6E93}.AppStore|Any CPU.Deploy.0 = Release|Any CPU
		{A1CD351C-DA69-41AD-804F-7114E8DC6E93}.AppStore|iPhone.ActiveCfg = Release|Any CPU
		{A1CD351C-DA69-41AD-804F-7114E8DC6E93}.AppStore|iPhoneSimulator.ActiveCfg = Release|Any CPU
		{A1CD351C-DA69-41AD-804F-7114E8DC6E93}.AppStore|Mixed Platforms.ActiveCfg = Release|Any CPU
		{A1CD351C-DA69-41AD-804F-7114E8DC6E93}.AppStore|Mixed Platforms.Build.0 = Release|Any CPU
		{A1CD351C-DA69-41AD-804F-7114E8DC6E93}.AppStore|Mixed Platforms.Deploy.0 = Release|Any CPU
		{A1CD351C-DA69-41AD-804F-7114E8DC6E93}.Debug|Any CPU.ActiveCfg = Debug|Any CPU
		{A1CD351C-DA69-41AD-804F-7114E8DC6E93}.Debug|Any CPU.Build.0 = Debug|Any CPU
		{A1CD351C-DA69-41AD-804F-7114E8DC6E93}.Debug|Any CPU.Deploy.0 = Debug|Any CPU
		{A1CD351C-DA69-41AD-804F-7114E8DC6E93}.Debug|iPhone.ActiveCfg = Debug|Any CPU
		{A1CD351C-DA69-41AD-804F-7114E8DC6E93}.Debug|iPhoneSimulator.ActiveCfg = Debug|Any CPU
		{A1CD351C-DA69-41AD-804F-7114E8DC6E93}.Debug|Mixed Platforms.ActiveCfg = Debug|Any CPU
		{A1CD351C-DA69-41AD-804F-7114E8DC6E93}.Debug|Mixed Platforms.Build.0 = Debug|Any CPU
		{A1CD351C-DA69-41AD-804F-7114E8DC6E93}.Debug|Mixed Platforms.Deploy.0 = Debug|Any CPU
		{A1CD351C-DA69-41AD-804F-7114E8DC6E93}.Release|Any CPU.ActiveCfg = Release|Any CPU
		{A1CD351C-DA69-41AD-804F-7114E8DC6E93}.Release|Any CPU.Build.0 = Release|Any CPU
		{A1CD351C-DA69-41AD-804F-7114E8DC6E93}.Release|Any CPU.Deploy.0 = Release|Any CPU
		{A1CD351C-DA69-41AD-804F-7114E8DC6E93}.Release|iPhone.ActiveCfg = Release|Any CPU
		{A1CD351C-DA69-41AD-804F-7114E8DC6E93}.Release|iPhoneSimulator.ActiveCfg = Release|Any CPU
		{A1CD351C-DA69-41AD-804F-7114E8DC6E93}.Release|Mixed Platforms.ActiveCfg = Release|Any CPU
		{A1CD351C-DA69-41AD-804F-7114E8DC6E93}.Release|Mixed Platforms.Build.0 = Release|Any CPU
		{A1CD351C-DA69-41AD-804F-7114E8DC6E93}.Release|Mixed Platforms.Deploy.0 = Release|Any CPU
		{579FA12B-A7D5-48A2-9E00-2FC72BD29A86}.Ad-Hoc|Any CPU.ActiveCfg = Ad-Hoc|iPhone
		{579FA12B-A7D5-48A2-9E00-2FC72BD29A86}.Ad-Hoc|iPhone.ActiveCfg = Ad-Hoc|iPhone
		{579FA12B-A7D5-48A2-9E00-2FC72BD29A86}.Ad-Hoc|iPhone.Build.0 = Ad-Hoc|iPhone
		{579FA12B-A7D5-48A2-9E00-2FC72BD29A86}.Ad-Hoc|iPhoneSimulator.ActiveCfg = Ad-Hoc|iPhoneSimulator
		{579FA12B-A7D5-48A2-9E00-2FC72BD29A86}.Ad-Hoc|iPhoneSimulator.Build.0 = Ad-Hoc|iPhoneSimulator
		{579FA12B-A7D5-48A2-9E00-2FC72BD29A86}.Ad-Hoc|Mixed Platforms.ActiveCfg = Ad-Hoc|iPhone
		{579FA12B-A7D5-48A2-9E00-2FC72BD29A86}.Ad-Hoc|Mixed Platforms.Build.0 = Ad-Hoc|iPhone
		{579FA12B-A7D5-48A2-9E00-2FC72BD29A86}.AppStore|Any CPU.ActiveCfg = AppStore|iPhone
		{579FA12B-A7D5-48A2-9E00-2FC72BD29A86}.AppStore|iPhone.ActiveCfg = AppStore|iPhone
		{579FA12B-A7D5-48A2-9E00-2FC72BD29A86}.AppStore|iPhone.Build.0 = AppStore|iPhone
		{579FA12B-A7D5-48A2-9E00-2FC72BD29A86}.AppStore|iPhoneSimulator.ActiveCfg = AppStore|iPhoneSimulator
		{579FA12B-A7D5-48A2-9E00-2FC72BD29A86}.AppStore|iPhoneSimulator.Build.0 = AppStore|iPhoneSimulator
		{579FA12B-A7D5-48A2-9E00-2FC72BD29A86}.AppStore|Mixed Platforms.ActiveCfg = AppStore|iPhone
		{579FA12B-A7D5-48A2-9E00-2FC72BD29A86}.AppStore|Mixed Platforms.Build.0 = AppStore|iPhone
		{579FA12B-A7D5-48A2-9E00-2FC72BD29A86}.Debug|Any CPU.ActiveCfg = Debug|iPhone
		{579FA12B-A7D5-48A2-9E00-2FC72BD29A86}.Debug|iPhone.ActiveCfg = Debug|iPhone
		{579FA12B-A7D5-48A2-9E00-2FC72BD29A86}.Debug|iPhone.Build.0 = Debug|iPhone
		{579FA12B-A7D5-48A2-9E00-2FC72BD29A86}.Debug|iPhoneSimulator.ActiveCfg = Debug|iPhoneSimulator
		{579FA12B-A7D5-48A2-9E00-2FC72BD29A86}.Debug|iPhoneSimulator.Build.0 = Debug|iPhoneSimulator
		{579FA12B-A7D5-48A2-9E00-2FC72BD29A86}.Debug|Mixed Platforms.ActiveCfg = Debug|iPhoneSimulator
		{579FA12B-A7D5-48A2-9E00-2FC72BD29A86}.Debug|Mixed Platforms.Build.0 = Debug|iPhoneSimulator
		{579FA12B-A7D5-48A2-9E00-2FC72BD29A86}.Release|Any CPU.ActiveCfg = Release|iPhone
		{579FA12B-A7D5-48A2-9E00-2FC72BD29A86}.Release|iPhone.ActiveCfg = Release|iPhone
		{579FA12B-A7D5-48A2-9E00-2FC72BD29A86}.Release|iPhone.Build.0 = Release|iPhone
		{579FA12B-A7D5-48A2-9E00-2FC72BD29A86}.Release|iPhoneSimulator.ActiveCfg = Release|iPhoneSimulator
		{579FA12B-A7D5-48A2-9E00-2FC72BD29A86}.Release|iPhoneSimulator.Build.0 = Release|iPhoneSimulator
		{579FA12B-A7D5-48A2-9E00-2FC72BD29A86}.Release|Mixed Platforms.ActiveCfg = Release|iPhone
		{579FA12B-A7D5-48A2-9E00-2FC72BD29A86}.Release|Mixed Platforms.Build.0 = Release|iPhone
	EndGlobalSection
	GlobalSection(SolutionProperties) = preSolution
		HideSolutionNode = FALSE
	EndGlobalSection
EndGlobal
